
Microsoft Visual Studio Solution File, Format Version 12.00
# Visual Studio Version 16
VisualStudioVersion = 16.0.29905.134
MinimumVisualStudioVersion = 10.0.40219.1
Project("{9A19103F-16F7-4668-BE54-9A1E7A4F7556}") = "AzureFunctionAndApplicationInsights", "AzureFunctionAndApplicationInsights.csproj", "{1611C5C7-2575-4365-BBF6-6749961BD6D5}"
EndProject
Project("{9A19103F-16F7-4668-BE54-9A1E7A4F7556}") = "UnitTestProject1", "..\UnitTestProject1\UnitTestProject1.csproj", "{26ED2C8D-3966-4AF7-84F4-98195B8EAF2A}"
EndProject
Global
	GlobalSection(SolutionConfigurationPlatforms) = preSolution
		Debug|Any CPU = Debug|Any CPU
		Release|Any CPU = Release|Any CPU
	EndGlobalSection
	GlobalSection(ProjectConfigurationPlatforms) = postSolution
		{1611C5C7-2575-4365-BBF6-6749961BD6D5}.Debug|Any CPU.ActiveCfg = Debug|Any CPU
		{1611C5C7-2575-4365-BBF6-6749961BD6D5}.Debug|Any CPU.Build.0 = Debug|Any CPU
		{1611C5C7-2575-4365-BBF6-6749961BD6D5}.Release|Any CPU.ActiveCfg = Release|Any CPU
		{1611C5C7-2575-4365-BBF6-6749961BD6D5}.Release|Any CPU.Build.0 = Release|Any CPU
		{26ED2C8D-3966-4AF7-84F4-98195B8EAF2A}.Debug|Any CPU.ActiveCfg = Debug|Any CPU
		{26ED2C8D-3966-4AF7-84F4-98195B8EAF2A}.Debug|Any CPU.Build.0 = Debug|Any CPU
		{26ED2C8D-3966-4AF7-84F4-98195B8EAF2A}.Release|Any CPU.ActiveCfg = Release|Any CPU
		{26ED2C8D-3966-4AF7-84F4-98195B8EAF2A}.Release|Any CPU.Build.0 = Release|Any CPU
	EndGlobalSection
	GlobalSection(SolutionProperties) = preSolution
		HideSolutionNode = FALSE
	EndGlobalSection
	GlobalSection(ExtensibilityGlobals) = postSolution
		SolutionGuid = {6993A64F-605E-45CB-BAD8-E532004870B3}
	EndGlobalSection
EndGlobal
