
Microsoft Visual Studio Solution File, Format Version 12.00
# Visual Studio Version 16
VisualStudioVersion = 16.0.29905.134
MinimumVisualStudioVersion = 10.0.40219.1
Project("{FAE04EC0-301F-11D3-BF4B-00C04F79EFBC}") = "AzureFunctionAndApplicationInsights", "AzureFunctionAndApplicationInsights.csproj", "{1611C5C7-2575-4365-BBF6-6749961BD6D5}"
EndProject
Global
	GlobalSection(SolutionConfigurationPlatforms) = preSolution
		Debug|Any CPU = Debug|Any CPU
		Release|Any CPU = Release|Any CPU
	EndGlobalSection
	GlobalSection(ProjectConfigurationPlatforms) = postSolution
		{1611C5C7-2575-4365-BBF6-6749961BD6D5}.Debug|Any CPU.ActiveCfg = Debug|Any CPU
		{1611C5C7-2575-4365-BBF6-6749961BD6D5}.Debug|Any CPU.Build.0 = Debug|Any CPU
		{1611C5C7-2575-4365-BBF6-6749961BD6D5}.Release|Any CPU.ActiveCfg = Release|Any CPU
		{1611C5C7-2575-4365-BBF6-6749961BD6D5}.Release|Any CPU.Build.0 = Release|Any CPU
	EndGlobalSection
	GlobalSection(SolutionProperties) = preSolution
		HideSolutionNode = FALSE
	EndGlobalSection
	GlobalSection(ExtensibilityGlobals) = postSolution
		SolutionGuid = {6993A64F-605E-45CB-BAD8-E532004870B3}
	EndGlobalSection
EndGlobal
